
Microsoft Visual Studio Solution File, Format Version 12.00
# Visual Studio Version 17
VisualStudioVersion = 17.11.35222.181
MinimumVisualStudioVersion = 10.0.40219.1
Project("{2150E333-8FDC-42A3-9474-1A3956D46DE8}") = "Services", "Services", "{392BC591-3F37-47D8-ABE9-08372562D7DE}"
EndProject
Project("{2150E333-8FDC-42A3-9474-1A3956D46DE8}") = "Catalog", "Catalog", "{65AB1BF3-4020-4C7B-B2DB-DA4392EDDCB1}"
EndProject
Project("{FAE04EC0-301F-11D3-BF4B-00C04F79EFBC}") = "Catalog.API", "Services\Catalog\Catalog.API\Catalog.API.csproj", "{C18FD390-96D4-41F9-B395-9D3F79FEF474}"
EndProject
Project("{2150E333-8FDC-42A3-9474-1A3956D46DE8}") = "BuildingBlocks", "BuildingBlocks", "{FB720BFB-308E-498D-80B3-0E0926BF6CA1}"
EndProject
Project("{FAE04EC0-301F-11D3-BF4B-00C04F79EFBC}") = "BuildingBlocks", "BuildingBlocks\BuildingBlocks\BuildingBlocks.csproj", "{6697CCAA-A3A2-4F01-A392-1902109FFE38}"
EndProject
Project("{E53339B2-1760-4266-BCC7-CA923CBCF16C}") = "docker-compose", "docker-compose.dcproj", "{DED11354-438B-40AA-976B-A95D367DEBA5}"
EndProject
Global
	GlobalSection(SolutionConfigurationPlatforms) = preSolution
		Debug|Any CPU = Debug|Any CPU
		Release|Any CPU = Release|Any CPU
	EndGlobalSection
	GlobalSection(ProjectConfigurationPlatforms) = postSolution
		{C18FD390-96D4-41F9-B395-9D3F79FEF474}.Debug|Any CPU.ActiveCfg = Debug|Any CPU
		{C18FD390-96D4-41F9-B395-9D3F79FEF474}.Debug|Any CPU.Build.0 = Debug|Any CPU
		{C18FD390-96D4-41F9-B395-9D3F79FEF474}.Release|Any CPU.ActiveCfg = Release|Any CPU
		{C18FD390-96D4-41F9-B395-9D3F79FEF474}.Release|Any CPU.Build.0 = Release|Any CPU
		{6697CCAA-A3A2-4F01-A392-1902109FFE38}.Debug|Any CPU.ActiveCfg = Debug|Any CPU
		{6697CCAA-A3A2-4F01-A392-1902109FFE38}.Debug|Any CPU.Build.0 = Debug|Any CPU
		{6697CCAA-A3A2-4F01-A392-1902109FFE38}.Release|Any CPU.ActiveCfg = Release|Any CPU
		{6697CCAA-A3A2-4F01-A392-1902109FFE38}.Release|Any CPU.Build.0 = Release|Any CPU
		{DED11354-438B-40AA-976B-A95D367DEBA5}.Debug|Any CPU.ActiveCfg = Debug|Any CPU
		{DED11354-438B-40AA-976B-A95D367DEBA5}.Debug|Any CPU.Build.0 = Debug|Any CPU
		{DED11354-438B-40AA-976B-A95D367DEBA5}.Release|Any CPU.ActiveCfg = Release|Any CPU
		{DED11354-438B-40AA-976B-A95D367DEBA5}.Release|Any CPU.Build.0 = Release|Any CPU
	EndGlobalSection
	GlobalSection(SolutionProperties) = preSolution
		HideSolutionNode = FALSE
	EndGlobalSection
	GlobalSection(NestedProjects) = preSolution
		{65AB1BF3-4020-4C7B-B2DB-DA4392EDDCB1} = {392BC591-3F37-47D8-ABE9-08372562D7DE}
		{C18FD390-96D4-41F9-B395-9D3F79FEF474} = {65AB1BF3-4020-4C7B-B2DB-DA4392EDDCB1}
		{6697CCAA-A3A2-4F01-A392-1902109FFE38} = {FB720BFB-308E-498D-80B3-0E0926BF6CA1}
	EndGlobalSection
	GlobalSection(ExtensibilityGlobals) = postSolution
		SolutionGuid = {FFB858BC-C046-49C3-9B39-59B5248BD321}
	EndGlobalSection
EndGlobal
